// !$*UTF8*$!
{
	archiveVersion = 1;
	classes = {
	};
	objectVersion = 50;
	objects = {

/* Begin PBXBuildFile section */
		482D92063C2E385D3FA8C8F2 /* Pods_BitCoin_Bloodhound.framework in Frameworks */ = {isa = PBXBuildFile; fileRef = F52ECBB7062802B8E25F513B /* Pods_BitCoin_Bloodhound.framework */; };
		C0578C7D2109F62C00B2EA01 /* HexStringExtension.swift in Sources */ = {isa = PBXBuildFile; fileRef = C0578C7C2109F62C00B2EA01 /* HexStringExtension.swift */; };
		C0578C7F210B0E4F00B2EA01 /* Crypto.swift in Sources */ = {isa = PBXBuildFile; fileRef = C0578C7E210B0E4F00B2EA01 /* Crypto.swift */; };
		C0578C81210B0E6400B2EA01 /* CryptoModel.swift in Sources */ = {isa = PBXBuildFile; fileRef = C0578C80210B0E6400B2EA01 /* CryptoModel.swift */; };
		C0578C83210B128A00B2EA01 /* CryptoPicker.swift in Sources */ = {isa = PBXBuildFile; fileRef = C0578C82210B128A00B2EA01 /* CryptoPicker.swift */; };
		C0DE6906210F4882007FDE46 /* CryptoColours.swift in Sources */ = {isa = PBXBuildFile; fileRef = C0DE6905210F4882007FDE46 /* CryptoColours.swift */; };
		C0E9BCD52105DA4C00DE51EE /* AppDelegate.swift in Sources */ = {isa = PBXBuildFile; fileRef = C0E9BCD42105DA4C00DE51EE /* AppDelegate.swift */; };
		C0E9BCD72105DA4C00DE51EE /* ViewController.swift in Sources */ = {isa = PBXBuildFile; fileRef = C0E9BCD62105DA4C00DE51EE /* ViewController.swift */; };
		C0E9BCDA2105DA4C00DE51EE /* Main.storyboard in Resources */ = {isa = PBXBuildFile; fileRef = C0E9BCD82105DA4C00DE51EE /* Main.storyboard */; };
		C0E9BCDC2105DA5100DE51EE /* Assets.xcassets in Resources */ = {isa = PBXBuildFile; fileRef = C0E9BCDB2105DA5100DE51EE /* Assets.xcassets */; };
		C0E9BCDF2105DA5100DE51EE /* LaunchScreen.storyboard in Resources */ = {isa = PBXBuildFile; fileRef = C0E9BCDD2105DA5100DE51EE /* LaunchScreen.storyboard */; };
		C0E9BCEC2106EC5800DE51EE /* CurrencyPicker.swift in Sources */ = {isa = PBXBuildFile; fileRef = C0E9BCEB2106EC5800DE51EE /* CurrencyPicker.swift */; };
		C0E9BCF02106ED4B00DE51EE /* Currency.swift in Sources */ = {isa = PBXBuildFile; fileRef = C0E9BCEF2106ED4B00DE51EE /* Currency.swift */; };
		C0E9BCF22106ED5A00DE51EE /* CurrencyModel.swift in Sources */ = {isa = PBXBuildFile; fileRef = C0E9BCF12106ED5A00DE51EE /* CurrencyModel.swift */; };
		C0E9BCF42107936100DE51EE /* NotificationNameExtension.swift in Sources */ = {isa = PBXBuildFile; fileRef = C0E9BCF32107936100DE51EE /* NotificationNameExtension.swift */; };
		C0E9BCF621088A7F00DE51EE /* JSONData.swift in Sources */ = {isa = PBXBuildFile; fileRef = C0E9BCF521088A7F00DE51EE /* JSONData.swift */; };
		C0E9BCF82108907500DE51EE /* FormatTimeExtension.swift in Sources */ = {isa = PBXBuildFile; fileRef = C0E9BCF72108907500DE51EE /* FormatTimeExtension.swift */; };
/* End PBXBuildFile section */

/* Begin PBXFileReference section */
		3F1B8B628694EB39AD07E7E5 /* Pods-BitCoin Bloodhound.release.xcconfig */ = {isa = PBXFileReference; includeInIndex = 1; lastKnownFileType = text.xcconfig; name = "Pods-BitCoin Bloodhound.release.xcconfig"; path = "Pods/Target Support Files/Pods-BitCoin Bloodhound/Pods-BitCoin Bloodhound.release.xcconfig"; sourceTree = "<group>"; };
		C0578C7C2109F62C00B2EA01 /* HexStringExtension.swift */ = {isa = PBXFileReference; lastKnownFileType = sourcecode.swift; path = HexStringExtension.swift; sourceTree = "<group>"; };
		C0578C7E210B0E4F00B2EA01 /* Crypto.swift */ = {isa = PBXFileReference; lastKnownFileType = sourcecode.swift; path = Crypto.swift; sourceTree = "<group>"; };
		C0578C80210B0E6400B2EA01 /* CryptoModel.swift */ = {isa = PBXFileReference; lastKnownFileType = sourcecode.swift; path = CryptoModel.swift; sourceTree = "<group>"; };
		C0578C82210B128A00B2EA01 /* CryptoPicker.swift */ = {isa = PBXFileReference; lastKnownFileType = sourcecode.swift; path = CryptoPicker.swift; sourceTree = "<group>"; };
		C0DE6905210F4882007FDE46 /* CryptoColours.swift */ = {isa = PBXFileReference; lastKnownFileType = sourcecode.swift; path = CryptoColours.swift; sourceTree = "<group>"; };
		C0E9BCD12105DA4C00DE51EE /* BitCoin Bloodhound.app */ = {isa = PBXFileReference; explicitFileType = wrapper.application; includeInIndex = 0; path = "BitCoin Bloodhound.app"; sourceTree = BUILT_PRODUCTS_DIR; };
		C0E9BCD42105DA4C00DE51EE /* AppDelegate.swift */ = {isa = PBXFileReference; lastKnownFileType = sourcecode.swift; path = AppDelegate.swift; sourceTree = "<group>"; };
		C0E9BCD62105DA4C00DE51EE /* ViewController.swift */ = {isa = PBXFileReference; lastKnownFileType = sourcecode.swift; path = ViewController.swift; sourceTree = "<group>"; };
		C0E9BCD92105DA4C00DE51EE /* Base */ = {isa = PBXFileReference; lastKnownFileType = file.storyboard; name = Base; path = Base.lproj/Main.storyboard; sourceTree = "<group>"; };
		C0E9BCDB2105DA5100DE51EE /* Assets.xcassets */ = {isa = PBXFileReference; lastKnownFileType = folder.assetcatalog; path = Assets.xcassets; sourceTree = "<group>"; };
		C0E9BCDE2105DA5100DE51EE /* Base */ = {isa = PBXFileReference; lastKnownFileType = file.storyboard; name = Base; path = Base.lproj/LaunchScreen.storyboard; sourceTree = "<group>"; };
		C0E9BCE02105DA5100DE51EE /* Info.plist */ = {isa = PBXFileReference; lastKnownFileType = text.plist.xml; path = Info.plist; sourceTree = "<group>"; };
		C0E9BCEB2106EC5800DE51EE /* CurrencyPicker.swift */ = {isa = PBXFileReference; lastKnownFileType = sourcecode.swift; path = CurrencyPicker.swift; sourceTree = "<group>"; };
		C0E9BCEF2106ED4B00DE51EE /* Currency.swift */ = {isa = PBXFileReference; lastKnownFileType = sourcecode.swift; path = Currency.swift; sourceTree = "<group>"; };
		C0E9BCF12106ED5A00DE51EE /* CurrencyModel.swift */ = {isa = PBXFileReference; lastKnownFileType = sourcecode.swift; path = CurrencyModel.swift; sourceTree = "<group>"; };
		C0E9BCF32107936100DE51EE /* NotificationNameExtension.swift */ = {isa = PBXFileReference; lastKnownFileType = sourcecode.swift; path = NotificationNameExtension.swift; sourceTree = "<group>"; };
		C0E9BCF521088A7F00DE51EE /* JSONData.swift */ = {isa = PBXFileReference; lastKnownFileType = sourcecode.swift; path = JSONData.swift; sourceTree = "<group>"; };
		C0E9BCF72108907500DE51EE /* FormatTimeExtension.swift */ = {isa = PBXFileReference; lastKnownFileType = sourcecode.swift; path = FormatTimeExtension.swift; sourceTree = "<group>"; };
		E4B1D724E24D13C725147236 /* Pods-BitCoin Bloodhound.debug.xcconfig */ = {isa = PBXFileReference; includeInIndex = 1; lastKnownFileType = text.xcconfig; name = "Pods-BitCoin Bloodhound.debug.xcconfig"; path = "Pods/Target Support Files/Pods-BitCoin Bloodhound/Pods-BitCoin Bloodhound.debug.xcconfig"; sourceTree = "<group>"; };
		F52ECBB7062802B8E25F513B /* Pods_BitCoin_Bloodhound.framework */ = {isa = PBXFileReference; explicitFileType = wrapper.framework; includeInIndex = 0; path = Pods_BitCoin_Bloodhound.framework; sourceTree = BUILT_PRODUCTS_DIR; };
/* End PBXFileReference section */

/* Begin PBXFrameworksBuildPhase section */
		C0E9BCCE2105DA4C00DE51EE /* Frameworks */ = {
			isa = PBXFrameworksBuildPhase;
			buildActionMask = 2147483647;
			files = (
				482D92063C2E385D3FA8C8F2 /* Pods_BitCoin_Bloodhound.framework in Frameworks */,
			);
			runOnlyForDeploymentPostprocessing = 0;
		};
/* End PBXFrameworksBuildPhase section */

/* Begin PBXGroup section */
		C0E9BCC82105DA4B00DE51EE = {
			isa = PBXGroup;
			children = (
				C0E9BCD32105DA4C00DE51EE /* BitCoin Bloodhound */,
				C0E9BCD22105DA4C00DE51EE /* Products */,
				E2EEAD3CCE51349FBCE1416A /* Pods */,
				EA0A26A9137B07D244CEB645 /* Frameworks */,
			);
			sourceTree = "<group>";
		};
		C0E9BCD22105DA4C00DE51EE /* Products */ = {
			isa = PBXGroup;
			children = (
				C0E9BCD12105DA4C00DE51EE /* BitCoin Bloodhound.app */,
			);
			name = Products;
			sourceTree = "<group>";
		};
		C0E9BCD32105DA4C00DE51EE /* BitCoin Bloodhound */ = {
			isa = PBXGroup;
			children = (
				C0E9BCE72106E87C00DE51EE /* Model */,
				C0E9BCE82106E88D00DE51EE /* View */,
				C0E9BCE92106E89B00DE51EE /* Controller */,
				C0E9BCDB2105DA5100DE51EE /* Assets.xcassets */,
				C0E9BCDD2105DA5100DE51EE /* LaunchScreen.storyboard */,
				C0E9BCE02105DA5100DE51EE /* Info.plist */,
				C0E9BCF32107936100DE51EE /* NotificationNameExtension.swift */,
				C0E9BCF72108907500DE51EE /* FormatTimeExtension.swift */,
				C0578C7C2109F62C00B2EA01 /* HexStringExtension.swift */,
			);
			path = "BitCoin Bloodhound";
			sourceTree = "<group>";
		};
		C0E9BCE72106E87C00DE51EE /* Model */ = {
			isa = PBXGroup;
			children = (
				C0E9BCEF2106ED4B00DE51EE /* Currency.swift */,
				C0E9BCF12106ED5A00DE51EE /* CurrencyModel.swift */,
				C0E9BCF521088A7F00DE51EE /* JSONData.swift */,
				C0578C7E210B0E4F00B2EA01 /* Crypto.swift */,
				C0578C80210B0E6400B2EA01 /* CryptoModel.swift */,
				C0DE6905210F4882007FDE46 /* CryptoColours.swift */,
			);
			path = Model;
			sourceTree = "<group>";
		};
		C0E9BCE82106E88D00DE51EE /* View */ = {
			isa = PBXGroup;
			children = (
				C0E9BCD82105DA4C00DE51EE /* Main.storyboard */,
				C0E9BCEB2106EC5800DE51EE /* CurrencyPicker.swift */,
				C0578C82210B128A00B2EA01 /* CryptoPicker.swift */,
			);
			path = View;
			sourceTree = "<group>";
		};
		C0E9BCE92106E89B00DE51EE /* Controller */ = {
			isa = PBXGroup;
			children = (
				C0E9BCD42105DA4C00DE51EE /* AppDelegate.swift */,
				C0E9BCD62105DA4C00DE51EE /* ViewController.swift */,
			);
			path = Controller;
			sourceTree = "<group>";
		};
		E2EEAD3CCE51349FBCE1416A /* Pods */ = {
			isa = PBXGroup;
			children = (
				E4B1D724E24D13C725147236 /* Pods-BitCoin Bloodhound.debug.xcconfig */,
				3F1B8B628694EB39AD07E7E5 /* Pods-BitCoin Bloodhound.release.xcconfig */,
			);
			name = Pods;
			sourceTree = "<group>";
		};
		EA0A26A9137B07D244CEB645 /* Frameworks */ = {
			isa = PBXGroup;
			children = (
				F52ECBB7062802B8E25F513B /* Pods_BitCoin_Bloodhound.framework */,
			);
			name = Frameworks;
			sourceTree = "<group>";
		};
/* End PBXGroup section */

/* Begin PBXNativeTarget section */
		C0E9BCD02105DA4C00DE51EE /* BitCoin Bloodhound */ = {
			isa = PBXNativeTarget;
			buildConfigurationList = C0E9BCE32105DA5100DE51EE /* Build configuration list for PBXNativeTarget "BitCoin Bloodhound" */;
			buildPhases = (
				CB858E7DA6C48FDA6C5CCB34 /* [CP] Check Pods Manifest.lock */,
				C0E9BCCD2105DA4C00DE51EE /* Sources */,
				C0E9BCCE2105DA4C00DE51EE /* Frameworks */,
				C0E9BCCF2105DA4C00DE51EE /* Resources */,
				CC1D350C1D77D960CBA6917B /* [CP] Embed Pods Frameworks */,
			);
			buildRules = (
			);
			dependencies = (
			);
			name = "BitCoin Bloodhound";
			productName = "BitCoin Bloodhound";
			productReference = C0E9BCD12105DA4C00DE51EE /* BitCoin Bloodhound.app */;
			productType = "com.apple.product-type.application";
		};
/* End PBXNativeTarget section */

/* Begin PBXProject section */
		C0E9BCC92105DA4B00DE51EE /* Project object */ = {
			isa = PBXProject;
			attributes = {
				LastSwiftUpdateCheck = 0940;
				LastUpgradeCheck = 0940;
				ORGANIZATIONNAME = "Snowy Productions";
				TargetAttributes = {
					C0E9BCD02105DA4C00DE51EE = {
						CreatedOnToolsVersion = 9.4.1;
					};
				};
			};
			buildConfigurationList = C0E9BCCC2105DA4B00DE51EE /* Build configuration list for PBXProject "BitCoin Bloodhound" */;
			compatibilityVersion = "Xcode 9.3";
			developmentRegion = en;
			hasScannedForEncodings = 0;
			knownRegions = (
				en,
				Base,
			);
			mainGroup = C0E9BCC82105DA4B00DE51EE;
			productRefGroup = C0E9BCD22105DA4C00DE51EE /* Products */;
			projectDirPath = "";
			projectRoot = "";
			targets = (
				C0E9BCD02105DA4C00DE51EE /* BitCoin Bloodhound */,
			);
		};
/* End PBXProject section */

/* Begin PBXResourcesBuildPhase section */
		C0E9BCCF2105DA4C00DE51EE /* Resources */ = {
			isa = PBXResourcesBuildPhase;
			buildActionMask = 2147483647;
			files = (
				C0E9BCDF2105DA5100DE51EE /* LaunchScreen.storyboard in Resources */,
				C0E9BCDC2105DA5100DE51EE /* Assets.xcassets in Resources */,
				C0E9BCDA2105DA4C00DE51EE /* Main.storyboard in Resources */,
			);
			runOnlyForDeploymentPostprocessing = 0;
		};
/* End PBXResourcesBuildPhase section */

/* Begin PBXShellScriptBuildPhase section */
		CB858E7DA6C48FDA6C5CCB34 /* [CP] Check Pods Manifest.lock */ = {
			isa = PBXShellScriptBuildPhase;
			buildActionMask = 2147483647;
			files = (
			);
			inputPaths = (
				"${PODS_PODFILE_DIR_PATH}/Podfile.lock",
				"${PODS_ROOT}/Manifest.lock",
			);
			name = "[CP] Check Pods Manifest.lock";
			outputPaths = (
				"$(DERIVED_FILE_DIR)/Pods-BitCoin Bloodhound-checkManifestLockResult.txt",
			);
			runOnlyForDeploymentPostprocessing = 0;
			shellPath = /bin/sh;
			shellScript = "diff \"${PODS_PODFILE_DIR_PATH}/Podfile.lock\" \"${PODS_ROOT}/Manifest.lock\" > /dev/null\nif [ $? != 0 ] ; then\n    # print error to STDERR\n    echo \"error: The sandbox is not in sync with the Podfile.lock. Run 'pod install' or update your CocoaPods installation.\" >&2\n    exit 1\nfi\n# This output is used by Xcode 'outputs' to avoid re-running this script phase.\necho \"SUCCESS\" > \"${SCRIPT_OUTPUT_FILE_0}\"\n";
			showEnvVarsInLog = 0;
		};
		CC1D350C1D77D960CBA6917B /* [CP] Embed Pods Frameworks */ = {
			isa = PBXShellScriptBuildPhase;
			buildActionMask = 2147483647;
			files = (
			);
			inputPaths = (
				"${SRCROOT}/Pods/Target Support Files/Pods-BitCoin Bloodhound/Pods-BitCoin Bloodhound-frameworks.sh",
				"${BUILT_PRODUCTS_DIR}/Alamofire/Alamofire.framework",
				"${BUILT_PRODUCTS_DIR}/SwiftyJSON/SwiftyJSON.framework",
			);
			name = "[CP] Embed Pods Frameworks";
			outputPaths = (
				"${TARGET_BUILD_DIR}/${FRAMEWORKS_FOLDER_PATH}/Alamofire.framework",
				"${TARGET_BUILD_DIR}/${FRAMEWORKS_FOLDER_PATH}/SwiftyJSON.framework",
			);
			runOnlyForDeploymentPostprocessing = 0;
			shellPath = /bin/sh;
			shellScript = "\"${SRCROOT}/Pods/Target Support Files/Pods-BitCoin Bloodhound/Pods-BitCoin Bloodhound-frameworks.sh\"\n";
			showEnvVarsInLog = 0;
		};
/* End PBXShellScriptBuildPhase section */

/* Begin PBXSourcesBuildPhase section */
		C0E9BCCD2105DA4C00DE51EE /* Sources */ = {
			isa = PBXSourcesBuildPhase;
			buildActionMask = 2147483647;
			files = (
				C0E9BCF22106ED5A00DE51EE /* CurrencyModel.swift in Sources */,
				C0E9BCF82108907500DE51EE /* FormatTimeExtension.swift in Sources */,
				C0578C7F210B0E4F00B2EA01 /* Crypto.swift in Sources */,
				C0E9BCF02106ED4B00DE51EE /* Currency.swift in Sources */,
				C0578C83210B128A00B2EA01 /* CryptoPicker.swift in Sources */,
				C0E9BCEC2106EC5800DE51EE /* CurrencyPicker.swift in Sources */,
				C0578C7D2109F62C00B2EA01 /* HexStringExtension.swift in Sources */,
				C0578C81210B0E6400B2EA01 /* CryptoModel.swift in Sources */,
				C0E9BCF42107936100DE51EE /* NotificationNameExtension.swift in Sources */,
				C0E9BCD72105DA4C00DE51EE /* ViewController.swift in Sources */,
				C0E9BCF621088A7F00DE51EE /* JSONData.swift in Sources */,
				C0E9BCD52105DA4C00DE51EE /* AppDelegate.swift in Sources */,
				C0DE6906210F4882007FDE46 /* CryptoColours.swift in Sources */,
			);
			runOnlyForDeploymentPostprocessing = 0;
		};
/* End PBXSourcesBuildPhase section */

/* Begin PBXVariantGroup section */
		C0E9BCD82105DA4C00DE51EE /* Main.storyboard */ = {
			isa = PBXVariantGroup;
			children = (
				C0E9BCD92105DA4C00DE51EE /* Base */,
			);
			name = Main.storyboard;
			sourceTree = "<group>";
		};
		C0E9BCDD2105DA5100DE51EE /* LaunchScreen.storyboard */ = {
			isa = PBXVariantGroup;
			children = (
				C0E9BCDE2105DA5100DE51EE /* Base */,
			);
			name = LaunchScreen.storyboard;
			sourceTree = "<group>";
		};
/* End PBXVariantGroup section */

/* Begin XCBuildConfiguration section */
		C0E9BCE12105DA5100DE51EE /* Debug */ = {
			isa = XCBuildConfiguration;
			buildSettings = {
				ALWAYS_SEARCH_USER_PATHS = NO;
				CLANG_ANALYZER_NONNULL = YES;
				CLANG_ANALYZER_NUMBER_OBJECT_CONVERSION = YES_AGGRESSIVE;
				CLANG_CXX_LANGUAGE_STANDARD = "gnu++14";
				CLANG_CXX_LIBRARY = "libc++";
				CLANG_ENABLE_MODULES = YES;
				CLANG_ENABLE_OBJC_ARC = YES;
				CLANG_ENABLE_OBJC_WEAK = YES;
				CLANG_WARN_BLOCK_CAPTURE_AUTORELEASING = YES;
				CLANG_WARN_BOOL_CONVERSION = YES;
				CLANG_WARN_COMMA = YES;
				CLANG_WARN_CONSTANT_CONVERSION = YES;
				CLANG_WARN_DEPRECATED_OBJC_IMPLEMENTATIONS = YES;
				CLANG_WARN_DIRECT_OBJC_ISA_USAGE = YES_ERROR;
				CLANG_WARN_DOCUMENTATION_COMMENTS = YES;
				CLANG_WARN_EMPTY_BODY = YES;
				CLANG_WARN_ENUM_CONVERSION = YES;
				CLANG_WARN_INFINITE_RECURSION = YES;
				CLANG_WARN_INT_CONVERSION = YES;
				CLANG_WARN_NON_LITERAL_NULL_CONVERSION = YES;
				CLANG_WARN_OBJC_IMPLICIT_RETAIN_SELF = YES;
				CLANG_WARN_OBJC_LITERAL_CONVERSION = YES;
				CLANG_WARN_OBJC_ROOT_CLASS = YES_ERROR;
				CLANG_WARN_RANGE_LOOP_ANALYSIS = YES;
				CLANG_WARN_STRICT_PROTOTYPES = YES;
				CLANG_WARN_SUSPICIOUS_MOVE = YES;
				CLANG_WARN_UNGUARDED_AVAILABILITY = YES_AGGRESSIVE;
				CLANG_WARN_UNREACHABLE_CODE = YES;
				CLANG_WARN__DUPLICATE_METHOD_MATCH = YES;
				CODE_SIGN_IDENTITY = "iPhone Developer";
				COPY_PHASE_STRIP = NO;
				DEBUG_INFORMATION_FORMAT = dwarf;
				ENABLE_STRICT_OBJC_MSGSEND = YES;
				ENABLE_TESTABILITY = YES;
				GCC_C_LANGUAGE_STANDARD = gnu11;
				GCC_DYNAMIC_NO_PIC = NO;
				GCC_NO_COMMON_BLOCKS = YES;
				GCC_OPTIMIZATION_LEVEL = 0;
				GCC_PREPROCESSOR_DEFINITIONS = (
					"DEBUG=1",
					"$(inherited)",
				);
				GCC_WARN_64_TO_32_BIT_CONVERSION = YES;
				GCC_WARN_ABOUT_RETURN_TYPE = YES_ERROR;
				GCC_WARN_UNDECLARED_SELECTOR = YES;
				GCC_WARN_UNINITIALIZED_AUTOS = YES_AGGRESSIVE;
				GCC_WARN_UNUSED_FUNCTION = YES;
				GCC_WARN_UNUSED_VARIABLE = YES;
				IPHONEOS_DEPLOYMENT_TARGET = 11.4;
				MTL_ENABLE_DEBUG_INFO = YES;
				ONLY_ACTIVE_ARCH = YES;
				SDKROOT = iphoneos;
				SWIFT_ACTIVE_COMPILATION_CONDITIONS = DEBUG;
				SWIFT_OPTIMIZATION_LEVEL = "-Onone";
			};
			name = Debug;
		};
		C0E9BCE22105DA5100DE51EE /* Release */ = {
			isa = XCBuildConfiguration;
			buildSettings = {
				ALWAYS_SEARCH_USER_PATHS = NO;
				CLANG_ANALYZER_NONNULL = YES;
				CLANG_ANALYZER_NUMBER_OBJECT_CONVERSION = YES_AGGRESSIVE;
				CLANG_CXX_LANGUAGE_STANDARD = "gnu++14";
				CLANG_CXX_LIBRARY = "libc++";
				CLANG_ENABLE_MODULES = YES;
				CLANG_ENABLE_OBJC_ARC = YES;
				CLANG_ENABLE_OBJC_WEAK = YES;
				CLANG_WARN_BLOCK_CAPTURE_AUTORELEASING = YES;
				CLANG_WARN_BOOL_CONVERSION = YES;
				CLANG_WARN_COMMA = YES;
				CLANG_WARN_CONSTANT_CONVERSION = YES;
				CLANG_WARN_DEPRECATED_OBJC_IMPLEMENTATIONS = YES;
				CLANG_WARN_DIRECT_OBJC_ISA_USAGE = YES_ERROR;
				CLANG_WARN_DOCUMENTATION_COMMENTS = YES;
				CLANG_WARN_EMPTY_BODY = YES;
				CLANG_WARN_ENUM_CONVERSION = YES;
				CLANG_WARN_INFINITE_RECURSION = YES;
				CLANG_WARN_INT_CONVERSION = YES;
				CLANG_WARN_NON_LITERAL_NULL_CONVERSION = YES;
				CLANG_WARN_OBJC_IMPLICIT_RETAIN_SELF = YES;
				CLANG_WARN_OBJC_LITERAL_CONVERSION = YES;
				CLANG_WARN_OBJC_ROOT_CLASS = YES_ERROR;
				CLANG_WARN_RANGE_LOOP_ANALYSIS = YES;
				CLANG_WARN_STRICT_PROTOTYPES = YES;
				CLANG_WARN_SUSPICIOUS_MOVE = YES;
				CLANG_WARN_UNGUARDED_AVAILABILITY = YES_AGGRESSIVE;
				CLANG_WARN_UNREACHABLE_CODE = YES;
				CLANG_WARN__DUPLICATE_METHOD_MATCH = YES;
				CODE_SIGN_IDENTITY = "iPhone Developer";
				COPY_PHASE_STRIP = NO;
				DEBUG_INFORMATION_FORMAT = "dwarf-with-dsym";
				ENABLE_NS_ASSERTIONS = NO;
				ENABLE_STRICT_OBJC_MSGSEND = YES;
				GCC_C_LANGUAGE_STANDARD = gnu11;
				GCC_NO_COMMON_BLOCKS = YES;
				GCC_WARN_64_TO_32_BIT_CONVERSION = YES;
				GCC_WARN_ABOUT_RETURN_TYPE = YES_ERROR;
				GCC_WARN_UNDECLARED_SELECTOR = YES;
				GCC_WARN_UNINITIALIZED_AUTOS = YES_AGGRESSIVE;
				GCC_WARN_UNUSED_FUNCTION = YES;
				GCC_WARN_UNUSED_VARIABLE = YES;
				IPHONEOS_DEPLOYMENT_TARGET = 11.4;
				MTL_ENABLE_DEBUG_INFO = NO;
				SDKROOT = iphoneos;
				SWIFT_COMPILATION_MODE = wholemodule;
				SWIFT_OPTIMIZATION_LEVEL = "-O";
				VALIDATE_PRODUCT = YES;
			};
			name = Release;
		};
		C0E9BCE42105DA5100DE51EE /* Debug */ = {
			isa = XCBuildConfiguration;
			baseConfigurationReference = E4B1D724E24D13C725147236 /* Pods-BitCoin Bloodhound.debug.xcconfig */;
			buildSettings = {
				ASSETCATALOG_COMPILER_APPICON_NAME = AppIcon;
				CODE_SIGN_STYLE = Automatic;
				DEVELOPMENT_TEAM = G2P3G57S8Q;
				INFOPLIST_FILE = "BitCoin Bloodhound/Info.plist";
				LD_RUNPATH_SEARCH_PATHS = (
					"$(inherited)",
					"@executable_path/Frameworks",
				);
				PRODUCT_BUNDLE_IDENTIFIER = "com.SnowyProductions.Crypto-Keeper";
				PRODUCT_NAME = "$(TARGET_NAME)";
				SWIFT_VERSION = 4.0;
				TARGETED_DEVICE_FAMILY = 1;
			};
			name = Debug;
		};
		C0E9BCE52105DA5100DE51EE /* Release */ = {
			isa = XCBuildConfiguration;
			baseConfigurationReference = 3F1B8B628694EB39AD07E7E5 /* Pods-BitCoin Bloodhound.release.xcconfig */;
			buildSettings = {
				ASSETCATALOG_COMPILER_APPICON_NAME = AppIcon;
				CODE_SIGN_STYLE = Automatic;
				DEVELOPMENT_TEAM = G2P3G57S8Q;
				INFOPLIST_FILE = "BitCoin Bloodhound/Info.plist";
				LD_RUNPATH_SEARCH_PATHS = (
					"$(inherited)",
					"@executable_path/Frameworks",
				);
				PRODUCT_BUNDLE_IDENTIFIER = "com.SnowyProductions.Crypto-Keeper";
				PRODUCT_NAME = "$(TARGET_NAME)";
				SWIFT_VERSION = 4.0;
				TARGETED_DEVICE_FAMILY = 1;
			};
			name = Release;
		};
/* End XCBuildConfiguration section */

/* Begin XCConfigurationList section */
		C0E9BCCC2105DA4B00DE51EE /* Build configuration list for PBXProject "BitCoin Bloodhound" */ = {
			isa = XCConfigurationList;
			buildConfigurations = (
				C0E9BCE12105DA5100DE51EE /* Debug */,
				C0E9BCE22105DA5100DE51EE /* Release */,
			);
			defaultConfigurationIsVisible = 0;
			defaultConfigurationName = Release;
		};
		C0E9BCE32105DA5100DE51EE /* Build configuration list for PBXNativeTarget "BitCoin Bloodhound" */ = {
			isa = XCConfigurationList;
			buildConfigurations = (
				C0E9BCE42105DA5100DE51EE /* Debug */,
				C0E9BCE52105DA5100DE51EE /* Release */,
			);
			defaultConfigurationIsVisible = 0;
			defaultConfigurationName = Release;
		};
/* End XCConfigurationList section */
	};
	rootObject = C0E9BCC92105DA4B00DE51EE /* Project object */;
}
